// !$*UTF8*$!
{
	archiveVersion = 1;
	classes = {
	};
	objectVersion = 46;
	objects = {

/* Begin PBXBuildFile section */
		9816B0EC1CC4B8550090DA86 /* UIView+Extension.m in Sources */ = {isa = PBXBuildFile; fileRef = 9816B0EB1CC4B8550090DA86 /* UIView+Extension.m */; };
		98234DF41CC4781500DB12E5 /* main.m in Sources */ = {isa = PBXBuildFile; fileRef = 98234DF31CC4781500DB12E5 /* main.m */; };
		98234DF71CC4781500DB12E5 /* AppDelegate.m in Sources */ = {isa = PBXBuildFile; fileRef = 98234DF61CC4781500DB12E5 /* AppDelegate.m */; };
		98234DFA1CC4781500DB12E5 /* ViewController.m in Sources */ = {isa = PBXBuildFile; fileRef = 98234DF91CC4781500DB12E5 /* ViewController.m */; };
		98234DFF1CC4781500DB12E5 /* Assets.xcassets in Resources */ = {isa = PBXBuildFile; fileRef = 98234DFE1CC4781500DB12E5 /* Assets.xcassets */; };
		98234E021CC4781500DB12E5 /* LaunchScreen.storyboard in Resources */ = {isa = PBXBuildFile; fileRef = 98234E001CC4781500DB12E5 /* LaunchScreen.storyboard */; };
/* End PBXBuildFile section */

/* Begin PBXFileReference section */
		9816B0EA1CC4B8550090DA86 /* UIView+Extension.h */ = {isa = PBXFileReference; fileEncoding = 4; lastKnownFileType = sourcecode.c.h; name = "UIView+Extension.h"; path = "../../../../../Documents/ZHKit/category/UIView+Extension.h"; sourceTree = "<group>"; };
		9816B0EB1CC4B8550090DA86 /* UIView+Extension.m */ = {isa = PBXFileReference; fileEncoding = 4; lastKnownFileType = sourcecode.c.objc; name = "UIView+Extension.m"; path = "../../../../../Documents/ZHKit/category/UIView+Extension.m"; sourceTree = "<group>"; };
		98234DEF1CC4781500DB12E5 /* newFeature.app */ = {isa = PBXFileReference; explicitFileType = wrapper.application; includeInIndex = 0; path = newFeature.app; sourceTree = BUILT_PRODUCTS_DIR; };
		98234DF31CC4781500DB12E5 /* main.m */ = {isa = PBXFileReference; lastKnownFileType = sourcecode.c.objc; path = main.m; sourceTree = "<group>"; };
		98234DF51CC4781500DB12E5 /* AppDelegate.h */ = {isa = PBXFileReference; lastKnownFileType = sourcecode.c.h; path = AppDelegate.h; sourceTree = "<group>"; };
		98234DF61CC4781500DB12E5 /* AppDelegate.m */ = {isa = PBXFileReference; lastKnownFileType = sourcecode.c.objc; path = AppDelegate.m; sourceTree = "<group>"; };
		98234DF81CC4781500DB12E5 /* ViewController.h */ = {isa = PBXFileReference; lastKnownFileType = sourcecode.c.h; path = ViewController.h; sourceTree = "<group>"; };
		98234DF91CC4781500DB12E5 /* ViewController.m */ = {isa = PBXFileReference; lastKnownFileType = sourcecode.c.objc; path = ViewController.m; sourceTree = "<group>"; };
		98234DFE1CC4781500DB12E5 /* Assets.xcassets */ = {isa = PBXFileReference; lastKnownFileType = folder.assetcatalog; path = Assets.xcassets; sourceTree = "<group>"; };
		98234E011CC4781500DB12E5 /* Base */ = {isa = PBXFileReference; lastKnownFileType = file.storyboard; name = Base; path = Base.lproj/LaunchScreen.storyboard; sourceTree = "<group>"; };
		98234E031CC4781500DB12E5 /* Info.plist */ = {isa = PBXFileReference; lastKnownFileType = text.plist.xml; path = Info.plist; sourceTree = "<group>"; };
/* End PBXFileReference section */

/* Begin PBXFrameworksBuildPhase section */
		98234DEC1CC4781500DB12E5 /* Frameworks */ = {
			isa = PBXFrameworksBuildPhase;
			buildActionMask = 2147483647;
			files = (
			);
			runOnlyForDeploymentPostprocessing = 0;
		};
/* End PBXFrameworksBuildPhase section */

/* Begin PBXGroup section */
		98234DE61CC4781500DB12E5 = {
			isa = PBXGroup;
			children = (
				98234DF11CC4781500DB12E5 /* newFeature */,
				98234DF01CC4781500DB12E5 /* Products */,
			);
			sourceTree = "<group>";
		};
		98234DF01CC4781500DB12E5 /* Products */ = {
			isa = PBXGroup;
			children = (
				98234DEF1CC4781500DB12E5 /* newFeature.app */,
			);
			name = Products;
			sourceTree = "<group>";
		};
		98234DF11CC4781500DB12E5 /* newFeature */ = {
			isa = PBXGroup;
			children = (
				9816B0EA1CC4B8550090DA86 /* UIView+Extension.h */,
				9816B0EB1CC4B8550090DA86 /* UIView+Extension.m */,
				98234DF51CC4781500DB12E5 /* AppDelegate.h */,
				98234DF61CC4781500DB12E5 /* AppDelegate.m */,
				98234DF81CC4781500DB12E5 /* ViewController.h */,
				98234DF91CC4781500DB12E5 /* ViewController.m */,
				98234DFE1CC4781500DB12E5 /* Assets.xcassets */,
				98234E001CC4781500DB12E5 /* LaunchScreen.storyboard */,
				98234E031CC4781500DB12E5 /* Info.plist */,
				98234DF21CC4781500DB12E5 /* Supporting Files */,
			);
			path = newFeature;
			sourceTree = "<group>";
		};
		98234DF21CC4781500DB12E5 /* Supporting Files */ = {
			isa = PBXGroup;
			children = (
				98234DF31CC4781500DB12E5 /* main.m */,
			);
			name = "Supporting Files";
			sourceTree = "<group>";
		};
/* End PBXGroup section */

/* Begin PBXNativeTarget section */
		98234DEE1CC4781500DB12E5 /* newFeature */ = {
			isa = PBXNativeTarget;
			buildConfigurationList = 98234E061CC4781500DB12E5 /* Build configuration list for PBXNativeTarget "newFeature" */;
			buildPhases = (
				98234DEB1CC4781500DB12E5 /* Sources */,
				98234DEC1CC4781500DB12E5 /* Frameworks */,
				98234DED1CC4781500DB12E5 /* Resources */,
			);
			buildRules = (
			);
			dependencies = (
			);
			name = newFeature;
			productName = newFeature;
			productReference = 98234DEF1CC4781500DB12E5 /* newFeature.app */;
			productType = "com.apple.product-type.application";
		};
/* End PBXNativeTarget section */

/* Begin PBXProject section */
		98234DE71CC4781500DB12E5 /* Project object */ = {
			isa = PBXProject;
			attributes = {
				LastUpgradeCheck = 0720;
				ORGANIZATIONNAME = Aaron;
				TargetAttributes = {
					98234DEE1CC4781500DB12E5 = {
						CreatedOnToolsVersion = 7.2;
					};
				};
			};
			buildConfigurationList = 98234DEA1CC4781500DB12E5 /* Build configuration list for PBXProject "newFeature" */;
			compatibilityVersion = "Xcode 3.2";
			developmentRegion = English;
			hasScannedForEncodings = 0;
			knownRegions = (
				en,
				Base,
			);
			mainGroup = 98234DE61CC4781500DB12E5;
			productRefGroup = 98234DF01CC4781500DB12E5 /* Products */;
			projectDirPath = "";
			projectRoot = "";
			targets = (
				98234DEE1CC4781500DB12E5 /* newFeature */,
			);
		};
/* End PBXProject section */

/* Begin PBXResourcesBuildPhase section */
		98234DED1CC4781500DB12E5 /* Resources */ = {
			isa = PBXResourcesBuildPhase;
			buildActionMask = 2147483647;
			files = (
				98234E021CC4781500DB12E5 /* LaunchScreen.storyboard in Resources */,
				98234DFF1CC4781500DB12E5 /* Assets.xcassets in Resources */,
			);
			runOnlyForDeploymentPostprocessing = 0;
		};
/* End PBXResourcesBuildPhase section */

/* Begin PBXSourcesBuildPhase section */
		98234DEB1CC4781500DB12E5 /* Sources */ = {
			isa = PBXSourcesBuildPhase;
			buildActionMask = 2147483647;
			files = (
				98234DFA1CC4781500DB12E5 /* ViewController.m in Sources */,
				98234DF71CC4781500DB12E5 /* AppDelegate.m in Sources */,
				9816B0EC1CC4B8550090DA86 /* UIView+Extension.m in Sources */,
				98234DF41CC4781500DB12E5 /* main.m in Sources */,
			);
			runOnlyForDeploymentPostprocessing = 0;
		};
/* End PBXSourcesBuildPhase section */

/* Begin PBXVariantGroup section */
		98234E001CC4781500DB12E5 /* LaunchScreen.storyboard */ = {
			isa = PBXVariantGroup;
			children = (
				98234E011CC4781500DB12E5 /* Base */,
			);
			name = LaunchScreen.storyboard;
			sourceTree = "<group>";
		};
/* End PBXVariantGroup section */

/* Begin XCBuildConfiguration section */
		98234E041CC4781500DB12E5 /* Debug */ = {
			isa = XCBuildConfiguration;
			buildSettings = {
				ALWAYS_SEARCH_USER_PATHS = NO;
				CLANG_CXX_LANGUAGE_STANDARD = "gnu++0x";
				CLANG_CXX_LIBRARY = "libc++";
				CLANG_ENABLE_MODULES = YES;
				CLANG_ENABLE_OBJC_ARC = YES;
				CLANG_WARN_BOOL_CONVERSION = YES;
				CLANG_WARN_CONSTANT_CONVERSION = YES;
				CLANG_WARN_DIRECT_OBJC_ISA_USAGE = YES_ERROR;
				CLANG_WARN_EMPTY_BODY = YES;
				CLANG_WARN_ENUM_CONVERSION = YES;
				CLANG_WARN_INT_CONVERSION = YES;
				CLANG_WARN_OBJC_ROOT_CLASS = YES_ERROR;
				CLANG_WARN_UNREACHABLE_CODE = YES;
				CLANG_WARN__DUPLICATE_METHOD_MATCH = YES;
				"CODE_SIGN_IDENTITY[sdk=iphoneos*]" = "iPhone Developer";
				COPY_PHASE_STRIP = NO;
				DEBUG_INFORMATION_FORMAT = dwarf;
				ENABLE_STRICT_OBJC_MSGSEND = YES;
				ENABLE_TESTABILITY = YES;
				GCC_C_LANGUAGE_STANDARD = gnu99;
				GCC_DYNAMIC_NO_PIC = NO;
				GCC_NO_COMMON_BLOCKS = YES;
				GCC_OPTIMIZATION_LEVEL = 0;
				GCC_PREPROCESSOR_DEFINITIONS = (
					"DEBUG=1",
					"$(inherited)",
				);
				GCC_WARN_64_TO_32_BIT_CONVERSION = YES;
				GCC_WARN_ABOUT_RETURN_TYPE = YES_ERROR;
				GCC_WARN_UNDECLARED_SELECTOR = YES;
				GCC_WARN_UNINITIALIZED_AUTOS = YES_AGGRESSIVE;
				GCC_WARN_UNUSED_FUNCTION = YES;
				GCC_WARN_UNUSED_VARIABLE = YES;
				IPHONEOS_DEPLOYMENT_TARGET = 9.2;
				MTL_ENABLE_DEBUG_INFO = YES;
				ONLY_ACTIVE_ARCH = YES;
				SDKROOT = iphoneos;
				TARGETED_DEVICE_FAMILY = "1,2";
			};
			name = Debug;
		};
		98234E051CC4781500DB12E5 /* Release */ = {
			isa = XCBuildConfiguration;
			buildSettings = {
				ALWAYS_SEARCH_USER_PATHS = NO;
				CLANG_CXX_LANGUAGE_STANDARD = "gnu++0x";
				CLANG_CXX_LIBRARY = "libc++";
				CLANG_ENABLE_MODULES = YES;
				CLANG_ENABLE_OBJC_ARC = YES;
				CLANG_WARN_BOOL_CONVERSION = YES;
				CLANG_WARN_CONSTANT_CONVERSION = YES;
				CLANG_WARN_DIRECT_OBJC_ISA_USAGE = YES_ERROR;
				CLANG_WARN_EMPTY_BODY = YES;
				CLANG_WARN_ENUM_CONVERSION = YES;
				CLANG_WARN_INT_CONVERSION = YES;
				CLANG_WARN_OBJC_ROOT_CLASS = YES_ERROR;
				CLANG_WARN_UNREACHABLE_CODE = YES;
				CLANG_WARN__DUPLICATE_METHOD_MATCH = YES;
				"CODE_SIGN_IDENTITY[sdk=iphoneos*]" = "iPhone Developer";
				COPY_PHASE_STRIP = NO;
				DEBUG_INFORMATION_FORMAT = "dwarf-with-dsym";
				ENABLE_NS_ASSERTIONS = NO;
				ENABLE_STRICT_OBJC_MSGSEND = YES;
				GCC_C_LANGUAGE_STANDARD = gnu99;
				GCC_NO_COMMON_BLOCKS = YES;
				GCC_WARN_64_TO_32_BIT_CONVERSION = YES;
				GCC_WARN_ABOUT_RETURN_TYPE = YES_ERROR;
				GCC_WARN_UNDECLARED_SELECTOR = YES;
				GCC_WARN_UNINITIALIZED_AUTOS = YES_AGGRESSIVE;
				GCC_WARN_UNUSED_FUNCTION = YES;
				GCC_WARN_UNUSED_VARIABLE = YES;
				IPHONEOS_DEPLOYMENT_TARGET = 9.2;
				MTL_ENABLE_DEBUG_INFO = NO;
				SDKROOT = iphoneos;
				TARGETED_DEVICE_FAMILY = "1,2";
				VALIDATE_PRODUCT = YES;
			};
			name = Release;
		};
		98234E071CC4781500DB12E5 /* Debug */ = {
			isa = XCBuildConfiguration;
			buildSettings = {
				ASSETCATALOG_COMPILER_APPICON_NAME = AppIcon;
				INFOPLIST_FILE = newFeature/Info.plist;
				LD_RUNPATH_SEARCH_PATHS = "$(inherited) @executable_path/Frameworks";
				PRODUCT_BUNDLE_IDENTIFIER = Linkhere.newFeature;
				PRODUCT_NAME = "$(TARGET_NAME)";
			};
			name = Debug;
		};
		98234E081CC4781500DB12E5 /* Release */ = {
			isa = XCBuildConfiguration;
			buildSettings = {
				ASSETCATALOG_COMPILER_APPICON_NAME = AppIcon;
				INFOPLIST_FILE = newFeature/Info.plist;
				LD_RUNPATH_SEARCH_PATHS = "$(inherited) @executable_path/Frameworks";
				PRODUCT_BUNDLE_IDENTIFIER = Linkhere.newFeature;
				PRODUCT_NAME = "$(TARGET_NAME)";
			};
			name = Release;
		};
/* End XCBuildConfiguration section */

/* Begin XCConfigurationList section */
		98234DEA1CC4781500DB12E5 /* Build configuration list for PBXProject "newFeature" */ = {
			isa = XCConfigurationList;
			buildConfigurations = (
				98234E041CC4781500DB12E5 /* Debug */,
				98234E051CC4781500DB12E5 /* Release */,
			);
			defaultConfigurationIsVisible = 0;
			defaultConfigurationName = Release;
		};
		98234E061CC4781500DB12E5 /* Build configuration list for PBXNativeTarget "newFeature" */ = {
			isa = XCConfigurationList;
			buildConfigurations = (
				98234E071CC4781500DB12E5 /* Debug */,
				98234E081CC4781500DB12E5 /* Release */,
			);
			defaultConfigurationIsVisible = 0;
			defaultConfigurationName = Release;
		};
/* End XCConfigurationList section */
	};
	rootObject = 98234DE71CC4781500DB12E5 /* Project object */;
}
